
Microsoft Visual Studio Solution File, Format Version 12.00
# Visual Studio 14
VisualStudioVersion = 14.0.25420.1
MinimumVisualStudioVersion = 10.0.40219.1
Project("{FAE04EC0-301F-11D3-BF4B-00C04F79EFBC}") = "mainApp", "2017_BS_project9\mainApp.csproj", "{38CB8B18-3C85-4C59-9E59-7A2EC3877824}"
EndProject
Project("{FAE04EC0-301F-11D3-BF4B-00C04F79EFBC}") = "2017_BS_project9_Tests", "2017_BS_project9_Tests\2017_BS_project9_Tests.csproj", "{F5D864B7-AEF3-410A-ABB7-316A02C44EFB}"
EndProject
Global
	GlobalSection(SolutionConfigurationPlatforms) = preSolution
		Debug|Any CPU = Debug|Any CPU
		Release|Any CPU = Release|Any CPU
	EndGlobalSection
	GlobalSection(ProjectConfigurationPlatforms) = postSolution
		{38CB8B18-3C85-4C59-9E59-7A2EC3877824}.Debug|Any CPU.ActiveCfg = Debug|Any CPU
		{38CB8B18-3C85-4C59-9E59-7A2EC3877824}.Debug|Any CPU.Build.0 = Debug|Any CPU
		{38CB8B18-3C85-4C59-9E59-7A2EC3877824}.Release|Any CPU.ActiveCfg = Release|Any CPU
		{38CB8B18-3C85-4C59-9E59-7A2EC3877824}.Release|Any CPU.Build.0 = Release|Any CPU
		{F5D864B7-AEF3-410A-ABB7-316A02C44EFB}.Debug|Any CPU.ActiveCfg = Debug|Any CPU
		{F5D864B7-AEF3-410A-ABB7-316A02C44EFB}.Debug|Any CPU.Build.0 = Debug|Any CPU
		{F5D864B7-AEF3-410A-ABB7-316A02C44EFB}.Release|Any CPU.ActiveCfg = Release|Any CPU
		{F5D864B7-AEF3-410A-ABB7-316A02C44EFB}.Release|Any CPU.Build.0 = Release|Any CPU
	EndGlobalSection
	GlobalSection(SolutionProperties) = preSolution
		HideSolutionNode = FALSE
	EndGlobalSection
EndGlobal
